{
  "nodes": {
    "impermanence": {
      "locked": {
        "lastModified": 1734200366,
        "narHash": "sha256-0NursoP4BUdnc+wy+Mq3icHkXu/RgP1Sjo0MJxV2+Dw=",
        "owner": "nix-community",
        "repo": "impermanence",
        "rev": "c6323585fa0035d780e3d8906eb1b24b65d19a48",
        "type": "github"
      },
      "original": {
        "owner": "nix-community",
        "repo": "impermanence",
        "type": "github"
      }
    },
    "nixpkgs": {
      "locked": {
        "lastModified": 1734083684,
        "narHash": "sha256-5fNndbndxSx5d+C/D0p/VF32xDiJCJzyOqorOYW4JEo=",
        "owner": "NixOS",
        "repo": "nixpkgs",
        "rev": "314e12ba369ccdb9b352a4db26ff419f7c49fa84",
        "type": "github"
      },
      "original": {
        "owner": "NixOS",
        "ref": "nixos-24.11",
        "repo": "nixpkgs",
        "type": "github"
      }
    },
    "root": {
      "inputs": {
        "impermanence": "impermanence",
        "nixpkgs": "nixpkgs"
      }
    }
  },
  "root": "root",
  "version": 7
}
